
Microsoft Visual Studio Solution File, Format Version 12.00
# Visual Studio Version 17
VisualStudioVersion = 17.0.31919.166
MinimumVisualStudioVersion = 10.0.40219.1
Project("{FAE04EC0-301F-11D3-BF4B-00C04F79EFBC}") = "infoCrmServiceV10", "infoCrmServiceV10\infoCrmServiceV10.csproj", "{B5919064-EC32-4E29-885F-BF30E3D92C0C}"
EndProject
Global
	GlobalSection(SolutionConfigurationPlatforms) = preSolution
		Debug|Any CPU = Debug|Any CPU
		Release|Any CPU = Release|Any CPU
	EndGlobalSection
	GlobalSection(ProjectConfigurationPlatforms) = postSolution
		{B5919064-EC32-4E29-885F-BF30E3D92C0C}.Debug|Any CPU.ActiveCfg = Debug|Any CPU
		{B5919064-EC32-4E29-885F-BF30E3D92C0C}.Debug|Any CPU.Build.0 = Debug|Any CPU
		{B5919064-EC32-4E29-885F-BF30E3D92C0C}.Release|Any CPU.ActiveCfg = Release|Any CPU
		{B5919064-EC32-4E29-885F-BF30E3D92C0C}.Release|Any CPU.Build.0 = Release|Any CPU
	EndGlobalSection
	GlobalSection(SolutionProperties) = preSolution
		HideSolutionNode = FALSE
	EndGlobalSection
	GlobalSection(ExtensibilityGlobals) = postSolution
		SolutionGuid = {DD24AE53-45D4-4449-938A-DD76F07B4E1A}
	EndGlobalSection
EndGlobal
